
Microsoft Visual Studio Solution File, Format Version 12.00
# Visual Studio 15
VisualStudioVersion = 15.0.28010.2036
MinimumVisualStudioVersion = 10.0.40219.1
Project("{FAE04EC0-301F-11D3-BF4B-00C04F79EFBC}") = "Event", "EventApi\Event.csproj", "{BEE04B6B-2AFB-48FC-97F8-104CF59D4CD9}"
EndProject
Project("{FAE04EC0-301F-11D3-BF4B-00C04F79EFBC}") = "Event.Core", "Event.Core\Event.Core.csproj", "{AA8FAC03-38D6-42B7-884C-298DDAE49894}"
EndProject
Project("{FAE04EC0-301F-11D3-BF4B-00C04F79EFBC}") = "Event.Data", "Event.Data\Event.Data.csproj", "{3177BB81-66A2-41C4-9680-8462A9EDF161}"
EndProject
Project("{FAE04EC0-301F-11D3-BF4B-00C04F79EFBC}") = "Event.Repository", "Event.Repository\Event.Repository.csproj", "{293E70AE-E9E1-4E12-AFC7-B00EBAA47701}"
EndProject
Project("{FAE04EC0-301F-11D3-BF4B-00C04F79EFBC}") = "Event.Common", "Event.Common\Event.Common.csproj", "{1B62DAEA-DD08-448E-BE01-4FBAAA38DCD7}"
EndProject
Global
	GlobalSection(SolutionConfigurationPlatforms) = preSolution
		Debug|Any CPU = Debug|Any CPU
		Release|Any CPU = Release|Any CPU
	EndGlobalSection
	GlobalSection(ProjectConfigurationPlatforms) = postSolution
		{BEE04B6B-2AFB-48FC-97F8-104CF59D4CD9}.Debug|Any CPU.ActiveCfg = Debug|Any CPU
		{BEE04B6B-2AFB-48FC-97F8-104CF59D4CD9}.Debug|Any CPU.Build.0 = Debug|Any CPU
		{BEE04B6B-2AFB-48FC-97F8-104CF59D4CD9}.Release|Any CPU.ActiveCfg = Release|Any CPU
		{BEE04B6B-2AFB-48FC-97F8-104CF59D4CD9}.Release|Any CPU.Build.0 = Release|Any CPU
		{AA8FAC03-38D6-42B7-884C-298DDAE49894}.Debug|Any CPU.ActiveCfg = Debug|Any CPU
		{AA8FAC03-38D6-42B7-884C-298DDAE49894}.Debug|Any CPU.Build.0 = Debug|Any CPU
		{AA8FAC03-38D6-42B7-884C-298DDAE49894}.Release|Any CPU.ActiveCfg = Release|Any CPU
		{AA8FAC03-38D6-42B7-884C-298DDAE49894}.Release|Any CPU.Build.0 = Release|Any CPU
		{3177BB81-66A2-41C4-9680-8462A9EDF161}.Debug|Any CPU.ActiveCfg = Debug|Any CPU
		{3177BB81-66A2-41C4-9680-8462A9EDF161}.Debug|Any CPU.Build.0 = Debug|Any CPU
		{3177BB81-66A2-41C4-9680-8462A9EDF161}.Release|Any CPU.ActiveCfg = Release|Any CPU
		{3177BB81-66A2-41C4-9680-8462A9EDF161}.Release|Any CPU.Build.0 = Release|Any CPU
		{293E70AE-E9E1-4E12-AFC7-B00EBAA47701}.Debug|Any CPU.ActiveCfg = Debug|Any CPU
		{293E70AE-E9E1-4E12-AFC7-B00EBAA47701}.Debug|Any CPU.Build.0 = Debug|Any CPU
		{293E70AE-E9E1-4E12-AFC7-B00EBAA47701}.Release|Any CPU.ActiveCfg = Release|Any CPU
		{293E70AE-E9E1-4E12-AFC7-B00EBAA47701}.Release|Any CPU.Build.0 = Release|Any CPU
		{1B62DAEA-DD08-448E-BE01-4FBAAA38DCD7}.Debug|Any CPU.ActiveCfg = Debug|Any CPU
		{1B62DAEA-DD08-448E-BE01-4FBAAA38DCD7}.Debug|Any CPU.Build.0 = Debug|Any CPU
		{1B62DAEA-DD08-448E-BE01-4FBAAA38DCD7}.Release|Any CPU.ActiveCfg = Release|Any CPU
		{1B62DAEA-DD08-448E-BE01-4FBAAA38DCD7}.Release|Any CPU.Build.0 = Release|Any CPU
	EndGlobalSection
	GlobalSection(SolutionProperties) = preSolution
		HideSolutionNode = FALSE
	EndGlobalSection
	GlobalSection(ExtensibilityGlobals) = postSolution
		SolutionGuid = {E9409515-344A-47B4-8F11-B7DBB8D7CF75}
	EndGlobalSection
EndGlobal
